# This file is automatically @generated by Cargo.
# It is not intended for manual editing.
[[package]]
name = "pong"
version = "0.1.0"
dependencies = [
 "pretty-hex",
]

[[package]]
name = "pretty-hex"
version = "0.2.1"
source = "registry+https://github.com/rust-lang/crates.io-index"
checksum = "bc5c99d529f0d30937f6f4b8a86d988047327bb88d04d2c4afc356de74722131"
